// !$*UTF8*$!
{
	archiveVersion = 1;
	classes = {
	};
	objectVersion = 46;
	objects = {

/* Begin PBXBuildFile section */
		0A2CBF101950014900C53289 /* NMFilterSettings.m in Sources */ = {isa = PBXBuildFile; fileRef = 0A2CBF0F1950014900C53289 /* NMFilterSettings.m */; };
		0A2CBF141950223F00C53289 /* NMSettingsToggleCell.m in Sources */ = {isa = PBXBuildFile; fileRef = 0A2CBF121950223F00C53289 /* NMSettingsToggleCell.m */; };
		0A2CBF151950223F00C53289 /* NMSettingsToggleCell.xib in Resources */ = {isa = PBXBuildFile; fileRef = 0A2CBF131950223F00C53289 /* NMSettingsToggleCell.xib */; };
		0A2CBF1E195028B000C53289 /* NMSettingsRadioCell.m in Sources */ = {isa = PBXBuildFile; fileRef = 0A2CBF1C195028B000C53289 /* NMSettingsRadioCell.m */; };
		0A2CBF1F195028B000C53289 /* NMSettingsRadioCell.xib in Resources */ = {isa = PBXBuildFile; fileRef = 0A2CBF1D195028B000C53289 /* NMSettingsRadioCell.xib */; };
		0A6E9B0319525E7E00836161 /* NMSeeAllCell.m in Sources */ = {isa = PBXBuildFile; fileRef = 0A6E9B0119525E7E00836161 /* NMSeeAllCell.m */; };
		0A6E9B0419525E7E00836161 /* NMSeeAllCell.xib in Resources */ = {isa = PBXBuildFile; fileRef = 0A6E9B0219525E7E00836161 /* NMSeeAllCell.xib */; };
		0AA6C315194DF1120009B015 /* NMYelpListing.m in Sources */ = {isa = PBXBuildFile; fileRef = 0AA6C314194DF1120009B015 /* NMYelpListing.m */; };
		0AA6C31F194DFFC30009B015 /* NMYelpListingCell.xib in Resources */ = {isa = PBXBuildFile; fileRef = 0AA6C31D194DFFC30009B015 /* NMYelpListingCell.xib */; };
		0AA6C322194E3F1B0009B015 /* NMYelpListingCell.m in Sources */ = {isa = PBXBuildFile; fileRef = 0AA6C321194E3F1B0009B015 /* NMYelpListingCell.m */; };
		0AFDA42D194B463600337A5C /* Foundation.framework in Frameworks */ = {isa = PBXBuildFile; fileRef = 0AFDA42C194B463600337A5C /* Foundation.framework */; };
		0AFDA42F194B463600337A5C /* CoreGraphics.framework in Frameworks */ = {isa = PBXBuildFile; fileRef = 0AFDA42E194B463600337A5C /* CoreGraphics.framework */; };
		0AFDA431194B463600337A5C /* UIKit.framework in Frameworks */ = {isa = PBXBuildFile; fileRef = 0AFDA430194B463600337A5C /* UIKit.framework */; };
		0AFDA437194B463600337A5C /* InfoPlist.strings in Resources */ = {isa = PBXBuildFile; fileRef = 0AFDA435194B463600337A5C /* InfoPlist.strings */; };
		0AFDA439194B463600337A5C /* main.m in Sources */ = {isa = PBXBuildFile; fileRef = 0AFDA438194B463600337A5C /* main.m */; };
		0AFDA43D194B463600337A5C /* NMAppDelegate.m in Sources */ = {isa = PBXBuildFile; fileRef = 0AFDA43C194B463600337A5C /* NMAppDelegate.m */; };
		0AFDA43F194B463600337A5C /* Images.xcassets in Resources */ = {isa = PBXBuildFile; fileRef = 0AFDA43E194B463600337A5C /* Images.xcassets */; };
		0AFDA446194B463600337A5C /* XCTest.framework in Frameworks */ = {isa = PBXBuildFile; fileRef = 0AFDA445194B463600337A5C /* XCTest.framework */; };
		0AFDA447194B463600337A5C /* Foundation.framework in Frameworks */ = {isa = PBXBuildFile; fileRef = 0AFDA42C194B463600337A5C /* Foundation.framework */; };
		0AFDA448194B463600337A5C /* UIKit.framework in Frameworks */ = {isa = PBXBuildFile; fileRef = 0AFDA430194B463600337A5C /* UIKit.framework */; };
		0AFDA450194B463600337A5C /* InfoPlist.strings in Resources */ = {isa = PBXBuildFile; fileRef = 0AFDA44E194B463600337A5C /* InfoPlist.strings */; };
		0AFDA452194B463600337A5C /* YelpDemoTests.m in Sources */ = {isa = PBXBuildFile; fileRef = 0AFDA451194B463600337A5C /* YelpDemoTests.m */; };
		0AFDA461194B46B800337A5C /* NMSearchListingsViewController.m in Sources */ = {isa = PBXBuildFile; fileRef = 0AFDA45F194B46B800337A5C /* NMSearchListingsViewController.m */; };
		0AFDA462194B46B800337A5C /* NMSearchListingsViewController.xib in Resources */ = {isa = PBXBuildFile; fileRef = 0AFDA460194B46B800337A5C /* NMSearchListingsViewController.xib */; };
		0AFDA4AC194B678C00337A5C /* YelpClient.m in Sources */ = {isa = PBXBuildFile; fileRef = 0AFDA4AB194B678C00337A5C /* YelpClient.m */; };
		0AFDA4B5194B692700337A5C /* NMFilterSettingsViewController.m in Sources */ = {isa = PBXBuildFile; fileRef = 0AFDA4B3194B692700337A5C /* NMFilterSettingsViewController.m */; };
		0AFDA4B6194B692700337A5C /* NMFilterSettingsViewController.xib in Resources */ = {isa = PBXBuildFile; fileRef = 0AFDA4B4194B692700337A5C /* NMFilterSettingsViewController.xib */; };
		0AFDA4BA194B6E6700337A5C /* NMFiltersNavigationController.m in Sources */ = {isa = PBXBuildFile; fileRef = 0AFDA4B8194B6E6700337A5C /* NMFiltersNavigationController.m */; };
		51C8FCBB45F14759AAE85199 /* libPods.a in Frameworks */ = {isa = PBXBuildFile; fileRef = 2B5F614174044A06A9351667 /* libPods.a */; };
/* End PBXBuildFile section */

/* Begin PBXContainerItemProxy section */
		0AFDA449194B463600337A5C /* PBXContainerItemProxy */ = {
			isa = PBXContainerItemProxy;
			containerPortal = 0AFDA421194B463500337A5C /* Project object */;
			proxyType = 1;
			remoteGlobalIDString = 0AFDA428194B463600337A5C;
			remoteInfo = YelpDemo;
		};
/* End PBXContainerItemProxy section */

/* Begin PBXFileReference section */
		0A2CBF0E1950014900C53289 /* NMFilterSettings.h */ = {isa = PBXFileReference; fileEncoding = 4; lastKnownFileType = sourcecode.c.h; path = NMFilterSettings.h; sourceTree = "<group>"; };
		0A2CBF0F1950014900C53289 /* NMFilterSettings.m */ = {isa = PBXFileReference; fileEncoding = 4; lastKnownFileType = sourcecode.c.objc; path = NMFilterSettings.m; sourceTree = "<group>"; };
		0A2CBF111950223F00C53289 /* NMSettingsToggleCell.h */ = {isa = PBXFileReference; fileEncoding = 4; lastKnownFileType = sourcecode.c.h; path = NMSettingsToggleCell.h; sourceTree = "<group>"; };
		0A2CBF121950223F00C53289 /* NMSettingsToggleCell.m */ = {isa = PBXFileReference; fileEncoding = 4; lastKnownFileType = sourcecode.c.objc; path = NMSettingsToggleCell.m; sourceTree = "<group>"; };
		0A2CBF131950223F00C53289 /* NMSettingsToggleCell.xib */ = {isa = PBXFileReference; fileEncoding = 4; lastKnownFileType = file.xib; path = NMSettingsToggleCell.xib; sourceTree = "<group>"; };
		0A2CBF1B195028B000C53289 /* NMSettingsRadioCell.h */ = {isa = PBXFileReference; fileEncoding = 4; lastKnownFileType = sourcecode.c.h; path = NMSettingsRadioCell.h; sourceTree = "<group>"; };
		0A2CBF1C195028B000C53289 /* NMSettingsRadioCell.m */ = {isa = PBXFileReference; fileEncoding = 4; lastKnownFileType = sourcecode.c.objc; path = NMSettingsRadioCell.m; sourceTree = "<group>"; };
		0A2CBF1D195028B000C53289 /* NMSettingsRadioCell.xib */ = {isa = PBXFileReference; fileEncoding = 4; lastKnownFileType = file.xib; path = NMSettingsRadioCell.xib; sourceTree = "<group>"; };
		0A6E9B0019525E7E00836161 /* NMSeeAllCell.h */ = {isa = PBXFileReference; fileEncoding = 4; lastKnownFileType = sourcecode.c.h; path = NMSeeAllCell.h; sourceTree = "<group>"; };
		0A6E9B0119525E7E00836161 /* NMSeeAllCell.m */ = {isa = PBXFileReference; fileEncoding = 4; lastKnownFileType = sourcecode.c.objc; path = NMSeeAllCell.m; sourceTree = "<group>"; };
		0A6E9B0219525E7E00836161 /* NMSeeAllCell.xib */ = {isa = PBXFileReference; fileEncoding = 4; lastKnownFileType = file.xib; path = NMSeeAllCell.xib; sourceTree = "<group>"; };
		0AA6C313194DF1120009B015 /* NMYelpListing.h */ = {isa = PBXFileReference; fileEncoding = 4; lastKnownFileType = sourcecode.c.h; path = NMYelpListing.h; sourceTree = "<group>"; };
		0AA6C314194DF1120009B015 /* NMYelpListing.m */ = {isa = PBXFileReference; fileEncoding = 4; lastKnownFileType = sourcecode.c.objc; path = NMYelpListing.m; sourceTree = "<group>"; };
		0AA6C31D194DFFC30009B015 /* NMYelpListingCell.xib */ = {isa = PBXFileReference; fileEncoding = 4; lastKnownFileType = file.xib; path = NMYelpListingCell.xib; sourceTree = "<group>"; };
		0AA6C320194E3F1B0009B015 /* NMYelpListingCell.h */ = {isa = PBXFileReference; fileEncoding = 4; lastKnownFileType = sourcecode.c.h; path = NMYelpListingCell.h; sourceTree = "<group>"; };
		0AA6C321194E3F1B0009B015 /* NMYelpListingCell.m */ = {isa = PBXFileReference; fileEncoding = 4; lastKnownFileType = sourcecode.c.objc; path = NMYelpListingCell.m; sourceTree = "<group>"; };
		0AFDA429194B463600337A5C /* YelpDemo.app */ = {isa = PBXFileReference; explicitFileType = wrapper.application; includeInIndex = 0; path = YelpDemo.app; sourceTree = BUILT_PRODUCTS_DIR; };
		0AFDA42C194B463600337A5C /* Foundation.framework */ = {isa = PBXFileReference; lastKnownFileType = wrapper.framework; name = Foundation.framework; path = System/Library/Frameworks/Foundation.framework; sourceTree = SDKROOT; };
		0AFDA42E194B463600337A5C /* CoreGraphics.framework */ = {isa = PBXFileReference; lastKnownFileType = wrapper.framework; name = CoreGraphics.framework; path = System/Library/Frameworks/CoreGraphics.framework; sourceTree = SDKROOT; };
		0AFDA430194B463600337A5C /* UIKit.framework */ = {isa = PBXFileReference; lastKnownFileType = wrapper.framework; name = UIKit.framework; path = System/Library/Frameworks/UIKit.framework; sourceTree = SDKROOT; };
		0AFDA434194B463600337A5C /* YelpDemo-Info.plist */ = {isa = PBXFileReference; lastKnownFileType = text.plist.xml; path = "YelpDemo-Info.plist"; sourceTree = "<group>"; };
		0AFDA436194B463600337A5C /* en */ = {isa = PBXFileReference; lastKnownFileType = text.plist.strings; name = en; path = en.lproj/InfoPlist.strings; sourceTree = "<group>"; };
		0AFDA438194B463600337A5C /* main.m */ = {isa = PBXFileReference; lastKnownFileType = sourcecode.c.objc; path = main.m; sourceTree = "<group>"; };
		0AFDA43A194B463600337A5C /* YelpDemo-Prefix.pch */ = {isa = PBXFileReference; lastKnownFileType = sourcecode.c.h; path = "YelpDemo-Prefix.pch"; sourceTree = "<group>"; };
		0AFDA43B194B463600337A5C /* NMAppDelegate.h */ = {isa = PBXFileReference; lastKnownFileType = sourcecode.c.h; path = NMAppDelegate.h; sourceTree = "<group>"; };
		0AFDA43C194B463600337A5C /* NMAppDelegate.m */ = {isa = PBXFileReference; lastKnownFileType = sourcecode.c.objc; path = NMAppDelegate.m; sourceTree = "<group>"; };
		0AFDA43E194B463600337A5C /* Images.xcassets */ = {isa = PBXFileReference; lastKnownFileType = folder.assetcatalog; path = Images.xcassets; sourceTree = "<group>"; };
		0AFDA444194B463600337A5C /* YelpDemoTests.xctest */ = {isa = PBXFileReference; explicitFileType = wrapper.cfbundle; includeInIndex = 0; path = YelpDemoTests.xctest; sourceTree = BUILT_PRODUCTS_DIR; };
		0AFDA445194B463600337A5C /* XCTest.framework */ = {isa = PBXFileReference; lastKnownFileType = wrapper.framework; name = XCTest.framework; path = Library/Frameworks/XCTest.framework; sourceTree = DEVELOPER_DIR; };
		0AFDA44D194B463600337A5C /* YelpDemoTests-Info.plist */ = {isa = PBXFileReference; lastKnownFileType = text.plist.xml; path = "YelpDemoTests-Info.plist"; sourceTree = "<group>"; };
		0AFDA44F194B463600337A5C /* en */ = {isa = PBXFileReference; lastKnownFileType = text.plist.strings; name = en; path = en.lproj/InfoPlist.strings; sourceTree = "<group>"; };
		0AFDA451194B463600337A5C /* YelpDemoTests.m */ = {isa = PBXFileReference; lastKnownFileType = sourcecode.c.objc; path = YelpDemoTests.m; sourceTree = "<group>"; };
		0AFDA45E194B46B800337A5C /* NMSearchListingsViewController.h */ = {isa = PBXFileReference; fileEncoding = 4; lastKnownFileType = sourcecode.c.h; path = NMSearchListingsViewController.h; sourceTree = "<group>"; };
		0AFDA45F194B46B800337A5C /* NMSearchListingsViewController.m */ = {isa = PBXFileReference; fileEncoding = 4; lastKnownFileType = sourcecode.c.objc; path = NMSearchListingsViewController.m; sourceTree = "<group>"; };
		0AFDA460194B46B800337A5C /* NMSearchListingsViewController.xib */ = {isa = PBXFileReference; fileEncoding = 4; lastKnownFileType = file.xib; path = NMSearchListingsViewController.xib; sourceTree = "<group>"; };
		0AFDA4AA194B678C00337A5C /* YelpClient.h */ = {isa = PBXFileReference; fileEncoding = 4; lastKnownFileType = sourcecode.c.h; path = YelpClient.h; sourceTree = "<group>"; };
		0AFDA4AB194B678C00337A5C /* YelpClient.m */ = {isa = PBXFileReference; fileEncoding = 4; lastKnownFileType = sourcecode.c.objc; path = YelpClient.m; sourceTree = "<group>"; };
		0AFDA4B2194B692700337A5C /* NMFilterSettingsViewController.h */ = {isa = PBXFileReference; fileEncoding = 4; lastKnownFileType = sourcecode.c.h; path = NMFilterSettingsViewController.h; sourceTree = "<group>"; };
		0AFDA4B3194B692700337A5C /* NMFilterSettingsViewController.m */ = {isa = PBXFileReference; fileEncoding = 4; lastKnownFileType = sourcecode.c.objc; path = NMFilterSettingsViewController.m; sourceTree = "<group>"; };
		0AFDA4B4194B692700337A5C /* NMFilterSettingsViewController.xib */ = {isa = PBXFileReference; fileEncoding = 4; lastKnownFileType = file.xib; path = NMFilterSettingsViewController.xib; sourceTree = "<group>"; };
		0AFDA4B7194B6E6700337A5C /* NMFiltersNavigationController.h */ = {isa = PBXFileReference; fileEncoding = 4; lastKnownFileType = sourcecode.c.h; path = NMFiltersNavigationController.h; sourceTree = "<group>"; };
		0AFDA4B8194B6E6700337A5C /* NMFiltersNavigationController.m */ = {isa = PBXFileReference; fileEncoding = 4; lastKnownFileType = sourcecode.c.objc; path = NMFiltersNavigationController.m; sourceTree = "<group>"; };
		0B1027660C194425A6972310 /* Pods.xcconfig */ = {isa = PBXFileReference; includeInIndex = 1; lastKnownFileType = text.xcconfig; name = Pods.xcconfig; path = Pods/Pods.xcconfig; sourceTree = "<group>"; };
		2B5F614174044A06A9351667 /* libPods.a */ = {isa = PBXFileReference; explicitFileType = archive.ar; includeInIndex = 0; path = libPods.a; sourceTree = BUILT_PRODUCTS_DIR; };
/* End PBXFileReference section */

/* Begin PBXFrameworksBuildPhase section */
		0AFDA426194B463600337A5C /* Frameworks */ = {
			isa = PBXFrameworksBuildPhase;
			buildActionMask = 2147483647;
			files = (
				0AFDA42F194B463600337A5C /* CoreGraphics.framework in Frameworks */,
				0AFDA431194B463600337A5C /* UIKit.framework in Frameworks */,
				0AFDA42D194B463600337A5C /* Foundation.framework in Frameworks */,
				51C8FCBB45F14759AAE85199 /* libPods.a in Frameworks */,
			);
			runOnlyForDeploymentPostprocessing = 0;
		};
		0AFDA441194B463600337A5C /* Frameworks */ = {
			isa = PBXFrameworksBuildPhase;
			buildActionMask = 2147483647;
			files = (
				0AFDA446194B463600337A5C /* XCTest.framework in Frameworks */,
				0AFDA448194B463600337A5C /* UIKit.framework in Frameworks */,
				0AFDA447194B463600337A5C /* Foundation.framework in Frameworks */,
			);
			runOnlyForDeploymentPostprocessing = 0;
		};
/* End PBXFrameworksBuildPhase section */

/* Begin PBXGroup section */
		0AFDA420194B463500337A5C = {
			isa = PBXGroup;
			children = (
				0AFDA432194B463600337A5C /* YelpDemo */,
				0AFDA44B194B463600337A5C /* YelpDemoTests */,
				0AFDA42B194B463600337A5C /* Frameworks */,
				0AFDA42A194B463600337A5C /* Products */,
				0B1027660C194425A6972310 /* Pods.xcconfig */,
			);
			sourceTree = "<group>";
		};
		0AFDA42A194B463600337A5C /* Products */ = {
			isa = PBXGroup;
			children = (
				0AFDA429194B463600337A5C /* YelpDemo.app */,
				0AFDA444194B463600337A5C /* YelpDemoTests.xctest */,
			);
			name = Products;
			sourceTree = "<group>";
		};
		0AFDA42B194B463600337A5C /* Frameworks */ = {
			isa = PBXGroup;
			children = (
				0AFDA42C194B463600337A5C /* Foundation.framework */,
				0AFDA42E194B463600337A5C /* CoreGraphics.framework */,
				0AFDA430194B463600337A5C /* UIKit.framework */,
				0AFDA445194B463600337A5C /* XCTest.framework */,
				2B5F614174044A06A9351667 /* libPods.a */,
			);
			name = Frameworks;
			sourceTree = "<group>";
		};
		0AFDA432194B463600337A5C /* YelpDemo */ = {
			isa = PBXGroup;
			children = (
				0AFDA45D194B468C00337A5C /* Views */,
				0AFDA45C194B468500337A5C /* Models */,
				0AFDA45B194B467A00337A5C /* Controllers */,
				0AFDA43B194B463600337A5C /* NMAppDelegate.h */,
				0AFDA43C194B463600337A5C /* NMAppDelegate.m */,
				0AFDA43E194B463600337A5C /* Images.xcassets */,
				0AFDA433194B463600337A5C /* Supporting Files */,
			);
			path = YelpDemo;
			sourceTree = "<group>";
		};
		0AFDA433194B463600337A5C /* Supporting Files */ = {
			isa = PBXGroup;
			children = (
				0AFDA434194B463600337A5C /* YelpDemo-Info.plist */,
				0AFDA435194B463600337A5C /* InfoPlist.strings */,
				0AFDA438194B463600337A5C /* main.m */,
				0AFDA43A194B463600337A5C /* YelpDemo-Prefix.pch */,
			);
			name = "Supporting Files";
			sourceTree = "<group>";
		};
		0AFDA44B194B463600337A5C /* YelpDemoTests */ = {
			isa = PBXGroup;
			children = (
				0AFDA451194B463600337A5C /* YelpDemoTests.m */,
				0AFDA44C194B463600337A5C /* Supporting Files */,
			);
			path = YelpDemoTests;
			sourceTree = "<group>";
		};
		0AFDA44C194B463600337A5C /* Supporting Files */ = {
			isa = PBXGroup;
			children = (
				0AFDA44D194B463600337A5C /* YelpDemoTests-Info.plist */,
				0AFDA44E194B463600337A5C /* InfoPlist.strings */,
			);
			name = "Supporting Files";
			sourceTree = "<group>";
		};
		0AFDA45B194B467A00337A5C /* Controllers */ = {
			isa = PBXGroup;
			children = (
				0AFDA45E194B46B800337A5C /* NMSearchListingsViewController.h */,
				0AFDA45F194B46B800337A5C /* NMSearchListingsViewController.m */,
				0AFDA460194B46B800337A5C /* NMSearchListingsViewController.xib */,
				0AFDA4B2194B692700337A5C /* NMFilterSettingsViewController.h */,
				0AFDA4B3194B692700337A5C /* NMFilterSettingsViewController.m */,
				0AFDA4B4194B692700337A5C /* NMFilterSettingsViewController.xib */,
				0AFDA4B7194B6E6700337A5C /* NMFiltersNavigationController.h */,
				0AFDA4B8194B6E6700337A5C /* NMFiltersNavigationController.m */,
			);
			name = Controllers;
			sourceTree = "<group>";
		};
		0AFDA45C194B468500337A5C /* Models */ = {
			isa = PBXGroup;
			children = (
				0AFDA4AA194B678C00337A5C /* YelpClient.h */,
				0AFDA4AB194B678C00337A5C /* YelpClient.m */,
				0AA6C313194DF1120009B015 /* NMYelpListing.h */,
				0AA6C314194DF1120009B015 /* NMYelpListing.m */,
				0A2CBF0E1950014900C53289 /* NMFilterSettings.h */,
				0A2CBF0F1950014900C53289 /* NMFilterSettings.m */,
			);
			name = Models;
			sourceTree = "<group>";
		};
		0AFDA45D194B468C00337A5C /* Views */ = {
			isa = PBXGroup;
			children = (
				0AA6C320194E3F1B0009B015 /* NMYelpListingCell.h */,
				0AA6C321194E3F1B0009B015 /* NMYelpListingCell.m */,
				0AA6C31D194DFFC30009B015 /* NMYelpListingCell.xib */,
				0A2CBF111950223F00C53289 /* NMSettingsToggleCell.h */,
				0A2CBF121950223F00C53289 /* NMSettingsToggleCell.m */,
				0A2CBF131950223F00C53289 /* NMSettingsToggleCell.xib */,
				0A2CBF1B195028B000C53289 /* NMSettingsRadioCell.h */,
				0A2CBF1C195028B000C53289 /* NMSettingsRadioCell.m */,
				0A2CBF1D195028B000C53289 /* NMSettingsRadioCell.xib */,
				0A6E9B0019525E7E00836161 /* NMSeeAllCell.h */,
				0A6E9B0119525E7E00836161 /* NMSeeAllCell.m */,
				0A6E9B0219525E7E00836161 /* NMSeeAllCell.xib */,
			);
			name = Views;
			sourceTree = "<group>";
		};
/* End PBXGroup section */

/* Begin PBXNativeTarget section */
		0AFDA428194B463600337A5C /* YelpDemo */ = {
			isa = PBXNativeTarget;
			buildConfigurationList = 0AFDA455194B463600337A5C /* Build configuration list for PBXNativeTarget "YelpDemo" */;
			buildPhases = (
				63CDF5CD442A432E9E757930 /* Check Pods Manifest.lock */,
				0AFDA425194B463600337A5C /* Sources */,
				0AFDA426194B463600337A5C /* Frameworks */,
				0AFDA427194B463600337A5C /* Resources */,
				BB4CB456A9AF470B83B5EDF1 /* Copy Pods Resources */,
			);
			buildRules = (
			);
			dependencies = (
			);
			name = YelpDemo;
			productName = YelpDemo;
			productReference = 0AFDA429194B463600337A5C /* YelpDemo.app */;
			productType = "com.apple.product-type.application";
		};
		0AFDA443194B463600337A5C /* YelpDemoTests */ = {
			isa = PBXNativeTarget;
			buildConfigurationList = 0AFDA458194B463600337A5C /* Build configuration list for PBXNativeTarget "YelpDemoTests" */;
			buildPhases = (
				0AFDA440194B463600337A5C /* Sources */,
				0AFDA441194B463600337A5C /* Frameworks */,
				0AFDA442194B463600337A5C /* Resources */,
			);
			buildRules = (
			);
			dependencies = (
				0AFDA44A194B463600337A5C /* PBXTargetDependency */,
			);
			name = YelpDemoTests;
			productName = YelpDemoTests;
			productReference = 0AFDA444194B463600337A5C /* YelpDemoTests.xctest */;
			productType = "com.apple.product-type.bundle.unit-test";
		};
/* End PBXNativeTarget section */

/* Begin PBXProject section */
		0AFDA421194B463500337A5C /* Project object */ = {
			isa = PBXProject;
			attributes = {
				CLASSPREFIX = NM;
				LastUpgradeCheck = 0510;
				ORGANIZATIONNAME = melo;
				TargetAttributes = {
					0AFDA443194B463600337A5C = {
						TestTargetID = 0AFDA428194B463600337A5C;
					};
				};
			};
			buildConfigurationList = 0AFDA424194B463500337A5C /* Build configuration list for PBXProject "YelpDemo" */;
			compatibilityVersion = "Xcode 3.2";
			developmentRegion = English;
			hasScannedForEncodings = 0;
			knownRegions = (
				en,
			);
			mainGroup = 0AFDA420194B463500337A5C;
			productRefGroup = 0AFDA42A194B463600337A5C /* Products */;
			projectDirPath = "";
			projectRoot = "";
			targets = (
				0AFDA428194B463600337A5C /* YelpDemo */,
				0AFDA443194B463600337A5C /* YelpDemoTests */,
			);
		};
/* End PBXProject section */

/* Begin PBXResourcesBuildPhase section */
		0AFDA427194B463600337A5C /* Resources */ = {
			isa = PBXResourcesBuildPhase;
			buildActionMask = 2147483647;
			files = (
				0AFDA4B6194B692700337A5C /* NMFilterSettingsViewController.xib in Resources */,
				0AFDA437194B463600337A5C /* InfoPlist.strings in Resources */,
				0A6E9B0419525E7E00836161 /* NMSeeAllCell.xib in Resources */,
				0A2CBF151950223F00C53289 /* NMSettingsToggleCell.xib in Resources */,
				0AFDA462194B46B800337A5C /* NMSearchListingsViewController.xib in Resources */,
				0AA6C31F194DFFC30009B015 /* NMYelpListingCell.xib in Resources */,
				0A2CBF1F195028B000C53289 /* NMSettingsRadioCell.xib in Resources */,
				0AFDA43F194B463600337A5C /* Images.xcassets in Resources */,
			);
			runOnlyForDeploymentPostprocessing = 0;
		};
		0AFDA442194B463600337A5C /* Resources */ = {
			isa = PBXResourcesBuildPhase;
			buildActionMask = 2147483647;
			files = (
				0AFDA450194B463600337A5C /* InfoPlist.strings in Resources */,
			);
			runOnlyForDeploymentPostprocessing = 0;
		};
/* End PBXResourcesBuildPhase section */

/* Begin PBXShellScriptBuildPhase section */
		63CDF5CD442A432E9E757930 /* Check Pods Manifest.lock */ = {
			isa = PBXShellScriptBuildPhase;
			buildActionMask = 2147483647;
			files = (
			);
			inputPaths = (
			);
			name = "Check Pods Manifest.lock";
			outputPaths = (
			);
			runOnlyForDeploymentPostprocessing = 0;
			shellPath = /bin/sh;
			shellScript = "diff \"${PODS_ROOT}/../Podfile.lock\" \"${PODS_ROOT}/Manifest.lock\" > /dev/null\nif [[ $? != 0 ]] ; then\n    cat << EOM\nerror: The sandbox is not in sync with the Podfile.lock. Run 'pod install' or update your CocoaPods installation.\nEOM\n    exit 1\nfi\n";
			showEnvVarsInLog = 0;
		};
		BB4CB456A9AF470B83B5EDF1 /* Copy Pods Resources */ = {
			isa = PBXShellScriptBuildPhase;
			buildActionMask = 2147483647;
			files = (
			);
			inputPaths = (
			);
			name = "Copy Pods Resources";
			outputPaths = (
			);
			runOnlyForDeploymentPostprocessing = 0;
			shellPath = /bin/sh;
			shellScript = "\"${SRCROOT}/Pods/Pods-resources.sh\"\n";
			showEnvVarsInLog = 0;
		};
/* End PBXShellScriptBuildPhase section */

/* Begin PBXSourcesBuildPhase section */
		0AFDA425194B463600337A5C /* Sources */ = {
			isa = PBXSourcesBuildPhase;
			buildActionMask = 2147483647;
			files = (
				0AFDA4BA194B6E6700337A5C /* NMFiltersNavigationController.m in Sources */,
				0AFDA4AC194B678C00337A5C /* YelpClient.m in Sources */,
				0A2CBF141950223F00C53289 /* NMSettingsToggleCell.m in Sources */,
				0A2CBF101950014900C53289 /* NMFilterSettings.m in Sources */,
				0AFDA4B5194B692700337A5C /* NMFilterSettingsViewController.m in Sources */,
				0A2CBF1E195028B000C53289 /* NMSettingsRadioCell.m in Sources */,
				0AFDA439194B463600337A5C /* main.m in Sources */,
				0AFDA43D194B463600337A5C /* NMAppDelegate.m in Sources */,
				0AA6C322194E3F1B0009B015 /* NMYelpListingCell.m in Sources */,
				0AFDA461194B46B800337A5C /* NMSearchListingsViewController.m in Sources */,
				0A6E9B0319525E7E00836161 /* NMSeeAllCell.m in Sources */,
				0AA6C315194DF1120009B015 /* NMYelpListing.m in Sources */,
			);
			runOnlyForDeploymentPostprocessing = 0;
		};
		0AFDA440194B463600337A5C /* Sources */ = {
			isa = PBXSourcesBuildPhase;
			buildActionMask = 2147483647;
			files = (
				0AFDA452194B463600337A5C /* YelpDemoTests.m in Sources */,
			);
			runOnlyForDeploymentPostprocessing = 0;
		};
/* End PBXSourcesBuildPhase section */

/* Begin PBXTargetDependency section */
		0AFDA44A194B463600337A5C /* PBXTargetDependency */ = {
			isa = PBXTargetDependency;
			target = 0AFDA428194B463600337A5C /* YelpDemo */;
			targetProxy = 0AFDA449194B463600337A5C /* PBXContainerItemProxy */;
		};
/* End PBXTargetDependency section */

/* Begin PBXVariantGroup section */
		0AFDA435194B463600337A5C /* InfoPlist.strings */ = {
			isa = PBXVariantGroup;
			children = (
				0AFDA436194B463600337A5C /* en */,
			);
			name = InfoPlist.strings;
			sourceTree = "<group>";
		};
		0AFDA44E194B463600337A5C /* InfoPlist.strings */ = {
			isa = PBXVariantGroup;
			children = (
				0AFDA44F194B463600337A5C /* en */,
			);
			name = InfoPlist.strings;
			sourceTree = "<group>";
		};
/* End PBXVariantGroup section */

/* Begin XCBuildConfiguration section */
		0AFDA453194B463600337A5C /* Debug */ = {
			isa = XCBuildConfiguration;
			buildSettings = {
				ALWAYS_SEARCH_USER_PATHS = NO;
				CLANG_CXX_LANGUAGE_STANDARD = "gnu++0x";
				CLANG_CXX_LIBRARY = "libc++";
				CLANG_ENABLE_MODULES = YES;
				CLANG_ENABLE_OBJC_ARC = YES;
				CLANG_WARN_BOOL_CONVERSION = YES;
				CLANG_WARN_CONSTANT_CONVERSION = YES;
				CLANG_WARN_DIRECT_OBJC_ISA_USAGE = YES_ERROR;
				CLANG_WARN_EMPTY_BODY = YES;
				CLANG_WARN_ENUM_CONVERSION = YES;
				CLANG_WARN_INT_CONVERSION = YES;
				CLANG_WARN_OBJC_ROOT_CLASS = YES_ERROR;
				CLANG_WARN__DUPLICATE_METHOD_MATCH = YES;
				"CODE_SIGN_IDENTITY[sdk=iphoneos*]" = "iPhone Developer";
				COPY_PHASE_STRIP = NO;
				GCC_C_LANGUAGE_STANDARD = gnu99;
				GCC_DYNAMIC_NO_PIC = NO;
				GCC_OPTIMIZATION_LEVEL = 0;
				GCC_PREPROCESSOR_DEFINITIONS = (
					"DEBUG=1",
					"$(inherited)",
				);
				GCC_SYMBOLS_PRIVATE_EXTERN = NO;
				GCC_WARN_64_TO_32_BIT_CONVERSION = YES;
				GCC_WARN_ABOUT_RETURN_TYPE = YES_ERROR;
				GCC_WARN_UNDECLARED_SELECTOR = YES;
				GCC_WARN_UNINITIALIZED_AUTOS = YES_AGGRESSIVE;
				GCC_WARN_UNUSED_FUNCTION = YES;
				GCC_WARN_UNUSED_VARIABLE = YES;
				IPHONEOS_DEPLOYMENT_TARGET = 7.1;
				ONLY_ACTIVE_ARCH = YES;
				SDKROOT = iphoneos;
			};
			name = Debug;
		};
		0AFDA454194B463600337A5C /* Release */ = {
			isa = XCBuildConfiguration;
			buildSettings = {
				ALWAYS_SEARCH_USER_PATHS = NO;
				CLANG_CXX_LANGUAGE_STANDARD = "gnu++0x";
				CLANG_CXX_LIBRARY = "libc++";
				CLANG_ENABLE_MODULES = YES;
				CLANG_ENABLE_OBJC_ARC = YES;
				CLANG_WARN_BOOL_CONVERSION = YES;
				CLANG_WARN_CONSTANT_CONVERSION = YES;
				CLANG_WARN_DIRECT_OBJC_ISA_USAGE = YES_ERROR;
				CLANG_WARN_EMPTY_BODY = YES;
				CLANG_WARN_ENUM_CONVERSION = YES;
				CLANG_WARN_INT_CONVERSION = YES;
				CLANG_WARN_OBJC_ROOT_CLASS = YES_ERROR;
				CLANG_WARN__DUPLICATE_METHOD_MATCH = YES;
				"CODE_SIGN_IDENTITY[sdk=iphoneos*]" = "iPhone Developer";
				COPY_PHASE_STRIP = YES;
				ENABLE_NS_ASSERTIONS = NO;
				GCC_C_LANGUAGE_STANDARD = gnu99;
				GCC_WARN_64_TO_32_BIT_CONVERSION = YES;
				GCC_WARN_ABOUT_RETURN_TYPE = YES_ERROR;
				GCC_WARN_UNDECLARED_SELECTOR = YES;
				GCC_WARN_UNINITIALIZED_AUTOS = YES_AGGRESSIVE;
				GCC_WARN_UNUSED_FUNCTION = YES;
				GCC_WARN_UNUSED_VARIABLE = YES;
				IPHONEOS_DEPLOYMENT_TARGET = 7.1;
				SDKROOT = iphoneos;
				VALIDATE_PRODUCT = YES;
			};
			name = Release;
		};
		0AFDA456194B463600337A5C /* Debug */ = {
			isa = XCBuildConfiguration;
			baseConfigurationReference = 0B1027660C194425A6972310 /* Pods.xcconfig */;
			buildSettings = {
				ASSETCATALOG_COMPILER_APPICON_NAME = AppIcon;
				ASSETCATALOG_COMPILER_LAUNCHIMAGE_NAME = LaunchImage;
				GCC_PRECOMPILE_PREFIX_HEADER = YES;
				GCC_PREFIX_HEADER = "YelpDemo/YelpDemo-Prefix.pch";
				INFOPLIST_FILE = "YelpDemo/YelpDemo-Info.plist";
				PRODUCT_NAME = "$(TARGET_NAME)";
				WRAPPER_EXTENSION = app;
			};
			name = Debug;
		};
		0AFDA457194B463600337A5C /* Release */ = {
			isa = XCBuildConfiguration;
			baseConfigurationReference = 0B1027660C194425A6972310 /* Pods.xcconfig */;
			buildSettings = {
				ASSETCATALOG_COMPILER_APPICON_NAME = AppIcon;
				ASSETCATALOG_COMPILER_LAUNCHIMAGE_NAME = LaunchImage;
				GCC_PRECOMPILE_PREFIX_HEADER = YES;
				GCC_PREFIX_HEADER = "YelpDemo/YelpDemo-Prefix.pch";
				INFOPLIST_FILE = "YelpDemo/YelpDemo-Info.plist";
				PRODUCT_NAME = "$(TARGET_NAME)";
				WRAPPER_EXTENSION = app;
			};
			name = Release;
		};
		0AFDA459194B463600337A5C /* Debug */ = {
			isa = XCBuildConfiguration;
			buildSettings = {
				BUNDLE_LOADER = "$(BUILT_PRODUCTS_DIR)/YelpDemo.app/YelpDemo";
				FRAMEWORK_SEARCH_PATHS = (
					"$(SDKROOT)/Developer/Library/Frameworks",
					"$(inherited)",
					"$(DEVELOPER_FRAMEWORKS_DIR)",
				);
				GCC_PRECOMPILE_PREFIX_HEADER = YES;
				GCC_PREFIX_HEADER = "YelpDemo/YelpDemo-Prefix.pch";
				GCC_PREPROCESSOR_DEFINITIONS = (
					"DEBUG=1",
					"$(inherited)",
				);
				INFOPLIST_FILE = "YelpDemoTests/YelpDemoTests-Info.plist";
				PRODUCT_NAME = "$(TARGET_NAME)";
				TEST_HOST = "$(BUNDLE_LOADER)";
				WRAPPER_EXTENSION = xctest;
			};
			name = Debug;
		};
		0AFDA45A194B463600337A5C /* Release */ = {
			isa = XCBuildConfiguration;
			buildSettings = {
				BUNDLE_LOADER = "$(BUILT_PRODUCTS_DIR)/YelpDemo.app/YelpDemo";
				FRAMEWORK_SEARCH_PATHS = (
					"$(SDKROOT)/Developer/Library/Frameworks",
					"$(inherited)",
					"$(DEVELOPER_FRAMEWORKS_DIR)",
				);
				GCC_PRECOMPILE_PREFIX_HEADER = YES;
				GCC_PREFIX_HEADER = "YelpDemo/YelpDemo-Prefix.pch";
				INFOPLIST_FILE = "YelpDemoTests/YelpDemoTests-Info.plist";
				PRODUCT_NAME = "$(TARGET_NAME)";
				TEST_HOST = "$(BUNDLE_LOADER)";
				WRAPPER_EXTENSION = xctest;
			};
			name = Release;
		};
/* End XCBuildConfiguration section */

/* Begin XCConfigurationList section */
		0AFDA424194B463500337A5C /* Build configuration list for PBXProject "YelpDemo" */ = {
			isa = XCConfigurationList;
			buildConfigurations = (
				0AFDA453194B463600337A5C /* Debug */,
				0AFDA454194B463600337A5C /* Release */,
			);
			defaultConfigurationIsVisible = 0;
			defaultConfigurationName = Release;
		};
		0AFDA455194B463600337A5C /* Build configuration list for PBXNativeTarget "YelpDemo" */ = {
			isa = XCConfigurationList;
			buildConfigurations = (
				0AFDA456194B463600337A5C /* Debug */,
				0AFDA457194B463600337A5C /* Release */,
			);
			defaultConfigurationIsVisible = 0;
			defaultConfigurationName = Release;
		};
		0AFDA458194B463600337A5C /* Build configuration list for PBXNativeTarget "YelpDemoTests" */ = {
			isa = XCConfigurationList;
			buildConfigurations = (
				0AFDA459194B463600337A5C /* Debug */,
				0AFDA45A194B463600337A5C /* Release */,
			);
			defaultConfigurationIsVisible = 0;
			defaultConfigurationName = Release;
		};
/* End XCConfigurationList section */
	};
	rootObject = 0AFDA421194B463500337A5C /* Project object */;
}
